
Microsoft Visual Studio Solution File, Format Version 12.00
# Visual Studio Version 17
VisualStudioVersion = 17.13.35825.156 d17.13
MinimumVisualStudioVersion = 10.0.40219.1
Project("{2150E333-8FDC-42A3-9474-1A3956D46DE8}") = "src", "src", "{18F186A8-7B31-49DC-B0DA-EDA9EC89780F}"
EndProject
Project("{2150E333-8FDC-42A3-9474-1A3956D46DE8}") = "Bootstrapper", "Bootstrapper", "{85031111-1E46-4D37-8375-ABEAA84AD49C}"
EndProject
Project("{2150E333-8FDC-42A3-9474-1A3956D46DE8}") = "Modules", "Modules", "{0C6432B6-287D-4E47-AC44-45C57A59B6A0}"
EndProject
Project("{2150E333-8FDC-42A3-9474-1A3956D46DE8}") = "Shared", "Shared", "{39A21543-D09B-4AD6-B6A8-2218E422968C}"
EndProject
Project("{FAE04EC0-301F-11D3-BF4B-00C04F79EFBC}") = "Api", "src\Bootstrapper\Api\Api.csproj", "{5DAF2047-6C2A-48DC-9168-19835561D888}"
EndProject
Project("{2150E333-8FDC-42A3-9474-1A3956D46DE8}") = "Catalog", "Catalog", "{9A2E59DF-3B30-443B-A338-4C7F6BA7370A}"
EndProject
Project("{2150E333-8FDC-42A3-9474-1A3956D46DE8}") = "Basket", "Basket", "{81805CA2-1F76-4BCC-A3AA-87EEE858E3B2}"
EndProject
Project("{2150E333-8FDC-42A3-9474-1A3956D46DE8}") = "Ordering", "Ordering", "{08C4A5E1-D392-4CEC-9453-6275F7CAA2F1}"
EndProject
Project("{FAE04EC0-301F-11D3-BF4B-00C04F79EFBC}") = "Catalog", "src\Modules\Catalog\Catalog\Catalog.csproj", "{52F4CED5-3A1D-4CC4-BADA-489F7DFC4809}"
EndProject
Project("{FAE04EC0-301F-11D3-BF4B-00C04F79EFBC}") = "Basket", "src\Modules\Basket\Basket\Basket.csproj", "{196A0B15-5700-4BB8-A75A-589826A4635F}"
EndProject
Project("{FAE04EC0-301F-11D3-BF4B-00C04F79EFBC}") = "Ordering", "src\Modules\Ordering\Ordering\Ordering.csproj", "{FA0EF432-2BC1-45A6-AFBB-543982E8D3BA}"
EndProject
Project("{FAE04EC0-301F-11D3-BF4B-00C04F79EFBC}") = "Shared", "src\Shared\Shared\Shared.csproj", "{892B00D6-2E36-4552-8F48-E9338292C057}"
EndProject
Project("{E53339B2-1760-4266-BCC7-CA923CBCF16C}") = "docker-compose", "docker-compose.dcproj", "{81DDED9D-158B-E303-5F62-77A2896D2A5A}"
EndProject
Project("{FAE04EC0-301F-11D3-BF4B-00C04F79EFBC}") = "Catalog.Contracts", "src\Modules\Catalog\Catalog.Contracts\Catalog.Contracts.csproj", "{77AD4C50-09CE-48A8-AA37-D9AFF584D049}"
EndProject
Project("{FAE04EC0-301F-11D3-BF4B-00C04F79EFBC}") = "Shared.Contracts", "src\Shared\Shared.Contracts\Shared.Contracts.csproj", "{E1FA4545-40B5-4F66-BB4B-39B6A232F63B}"
EndProject
Global
	GlobalSection(SolutionConfigurationPlatforms) = preSolution
		Debug|Any CPU = Debug|Any CPU
		Release|Any CPU = Release|Any CPU
	EndGlobalSection
	GlobalSection(ProjectConfigurationPlatforms) = postSolution
		{5DAF2047-6C2A-48DC-9168-19835561D888}.Debug|Any CPU.ActiveCfg = Debug|Any CPU
		{5DAF2047-6C2A-48DC-9168-19835561D888}.Debug|Any CPU.Build.0 = Debug|Any CPU
		{5DAF2047-6C2A-48DC-9168-19835561D888}.Release|Any CPU.ActiveCfg = Release|Any CPU
		{5DAF2047-6C2A-48DC-9168-19835561D888}.Release|Any CPU.Build.0 = Release|Any CPU
		{52F4CED5-3A1D-4CC4-BADA-489F7DFC4809}.Debug|Any CPU.ActiveCfg = Debug|Any CPU
		{52F4CED5-3A1D-4CC4-BADA-489F7DFC4809}.Debug|Any CPU.Build.0 = Debug|Any CPU
		{52F4CED5-3A1D-4CC4-BADA-489F7DFC4809}.Release|Any CPU.ActiveCfg = Release|Any CPU
		{52F4CED5-3A1D-4CC4-BADA-489F7DFC4809}.Release|Any CPU.Build.0 = Release|Any CPU
		{196A0B15-5700-4BB8-A75A-589826A4635F}.Debug|Any CPU.ActiveCfg = Debug|Any CPU
		{196A0B15-5700-4BB8-A75A-589826A4635F}.Debug|Any CPU.Build.0 = Debug|Any CPU
		{196A0B15-5700-4BB8-A75A-589826A4635F}.Release|Any CPU.ActiveCfg = Release|Any CPU
		{196A0B15-5700-4BB8-A75A-589826A4635F}.Release|Any CPU.Build.0 = Release|Any CPU
		{FA0EF432-2BC1-45A6-AFBB-543982E8D3BA}.Debug|Any CPU.ActiveCfg = Debug|Any CPU
		{FA0EF432-2BC1-45A6-AFBB-543982E8D3BA}.Debug|Any CPU.Build.0 = Debug|Any CPU
		{FA0EF432-2BC1-45A6-AFBB-543982E8D3BA}.Release|Any CPU.ActiveCfg = Release|Any CPU
		{FA0EF432-2BC1-45A6-AFBB-543982E8D3BA}.Release|Any CPU.Build.0 = Release|Any CPU
		{892B00D6-2E36-4552-8F48-E9338292C057}.Debug|Any CPU.ActiveCfg = Debug|Any CPU
		{892B00D6-2E36-4552-8F48-E9338292C057}.Debug|Any CPU.Build.0 = Debug|Any CPU
		{892B00D6-2E36-4552-8F48-E9338292C057}.Release|Any CPU.ActiveCfg = Release|Any CPU
		{892B00D6-2E36-4552-8F48-E9338292C057}.Release|Any CPU.Build.0 = Release|Any CPU
		{81DDED9D-158B-E303-5F62-77A2896D2A5A}.Debug|Any CPU.ActiveCfg = Debug|Any CPU
		{81DDED9D-158B-E303-5F62-77A2896D2A5A}.Debug|Any CPU.Build.0 = Debug|Any CPU
		{81DDED9D-158B-E303-5F62-77A2896D2A5A}.Release|Any CPU.ActiveCfg = Release|Any CPU
		{81DDED9D-158B-E303-5F62-77A2896D2A5A}.Release|Any CPU.Build.0 = Release|Any CPU
		{77AD4C50-09CE-48A8-AA37-D9AFF584D049}.Debug|Any CPU.ActiveCfg = Debug|Any CPU
		{77AD4C50-09CE-48A8-AA37-D9AFF584D049}.Debug|Any CPU.Build.0 = Debug|Any CPU
		{77AD4C50-09CE-48A8-AA37-D9AFF584D049}.Release|Any CPU.ActiveCfg = Release|Any CPU
		{77AD4C50-09CE-48A8-AA37-D9AFF584D049}.Release|Any CPU.Build.0 = Release|Any CPU
		{E1FA4545-40B5-4F66-BB4B-39B6A232F63B}.Debug|Any CPU.ActiveCfg = Debug|Any CPU
		{E1FA4545-40B5-4F66-BB4B-39B6A232F63B}.Debug|Any CPU.Build.0 = Debug|Any CPU
		{E1FA4545-40B5-4F66-BB4B-39B6A232F63B}.Release|Any CPU.ActiveCfg = Release|Any CPU
		{E1FA4545-40B5-4F66-BB4B-39B6A232F63B}.Release|Any CPU.Build.0 = Release|Any CPU
	EndGlobalSection
	GlobalSection(SolutionProperties) = preSolution
		HideSolutionNode = FALSE
	EndGlobalSection
	GlobalSection(NestedProjects) = preSolution
		{85031111-1E46-4D37-8375-ABEAA84AD49C} = {18F186A8-7B31-49DC-B0DA-EDA9EC89780F}
		{0C6432B6-287D-4E47-AC44-45C57A59B6A0} = {18F186A8-7B31-49DC-B0DA-EDA9EC89780F}
		{39A21543-D09B-4AD6-B6A8-2218E422968C} = {18F186A8-7B31-49DC-B0DA-EDA9EC89780F}
		{5DAF2047-6C2A-48DC-9168-19835561D888} = {85031111-1E46-4D37-8375-ABEAA84AD49C}
		{9A2E59DF-3B30-443B-A338-4C7F6BA7370A} = {0C6432B6-287D-4E47-AC44-45C57A59B6A0}
		{81805CA2-1F76-4BCC-A3AA-87EEE858E3B2} = {0C6432B6-287D-4E47-AC44-45C57A59B6A0}
		{08C4A5E1-D392-4CEC-9453-6275F7CAA2F1} = {0C6432B6-287D-4E47-AC44-45C57A59B6A0}
		{52F4CED5-3A1D-4CC4-BADA-489F7DFC4809} = {9A2E59DF-3B30-443B-A338-4C7F6BA7370A}
		{196A0B15-5700-4BB8-A75A-589826A4635F} = {81805CA2-1F76-4BCC-A3AA-87EEE858E3B2}
		{FA0EF432-2BC1-45A6-AFBB-543982E8D3BA} = {08C4A5E1-D392-4CEC-9453-6275F7CAA2F1}
		{892B00D6-2E36-4552-8F48-E9338292C057} = {39A21543-D09B-4AD6-B6A8-2218E422968C}
		{77AD4C50-09CE-48A8-AA37-D9AFF584D049} = {9A2E59DF-3B30-443B-A338-4C7F6BA7370A}
		{E1FA4545-40B5-4F66-BB4B-39B6A232F63B} = {39A21543-D09B-4AD6-B6A8-2218E422968C}
	EndGlobalSection
EndGlobal
